# Pinned packages with hashes (example; replace with real hashes via pip-compile --generate-hashes)
z3-solver==4.12.2 \
    --hash=sha256:a3f2b1c9d4e5f6a7b8c9d0e1f2a3b4c5d6e7f8a9b0c1d2e3f4a5b6c7d8e9f0a1
cryptography==41.0.7 \
    --hash=sha256:b4c5d3fdeadbeef...
fastapi==0.115.5 \
    --hash=sha256:d7e2adeadbeef...
uvicorn==0.32.0 \
    --hash=sha256:abc123deadbeef...
pydantic==2.9.2 \
    --hash=sha256:f1a3cdeadbeef...
orjson==3.10.7 \
    --hash=sha256:beef123...
pynacl==1.5.0 \
    --hash=sha256:cafe042...